// !$*UTF8*$!
{
	archiveVersion = 1;
	classes = {
	};
	objectVersion = 50;
	objects = {

/* Begin PBXBuildFile section */
		54F50E7E26AE802A005089B7 /* PageCallApp.swift in Sources */ = {isa = PBXBuildFile; fileRef = 54F50E7D26AE802A005089B7 /* PageCallApp.swift */; };
		54F50E8026AE802A005089B7 /* ContentView.swift in Sources */ = {isa = PBXBuildFile; fileRef = 54F50E7F26AE802A005089B7 /* ContentView.swift */; };
		54F50E8226AE802B005089B7 /* Assets.xcassets in Resources */ = {isa = PBXBuildFile; fileRef = 54F50E8126AE802B005089B7 /* Assets.xcassets */; };
		54F50E8526AE802B005089B7 /* Preview Assets.xcassets in Resources */ = {isa = PBXBuildFile; fileRef = 54F50E8426AE802B005089B7 /* Preview Assets.xcassets */; };
		54F50E9026AE802C005089B7 /* PageCallTests.swift in Sources */ = {isa = PBXBuildFile; fileRef = 54F50E8F26AE802C005089B7 /* PageCallTests.swift */; };
		54F50E9B26AE802C005089B7 /* PageCallUITests.swift in Sources */ = {isa = PBXBuildFile; fileRef = 54F50E9A26AE802C005089B7 /* PageCallUITests.swift */; };
/* End PBXBuildFile section */

/* Begin PBXContainerItemProxy section */
		54F50E8C26AE802C005089B7 /* PBXContainerItemProxy */ = {
			isa = PBXContainerItemProxy;
			containerPortal = 54F50E7226AE802A005089B7 /* Project object */;
			proxyType = 1;
			remoteGlobalIDString = 54F50E7926AE802A005089B7;
			remoteInfo = PageCall;
		};
		54F50E9726AE802C005089B7 /* PBXContainerItemProxy */ = {
			isa = PBXContainerItemProxy;
			containerPortal = 54F50E7226AE802A005089B7 /* Project object */;
			proxyType = 1;
			remoteGlobalIDString = 54F50E7926AE802A005089B7;
			remoteInfo = PageCall;
		};
/* End PBXContainerItemProxy section */

/* Begin PBXFileReference section */
		54F50E7A26AE802A005089B7 /* PageCall.app */ = {isa = PBXFileReference; explicitFileType = wrapper.application; includeInIndex = 0; path = PageCall.app; sourceTree = BUILT_PRODUCTS_DIR; };
		54F50E7D26AE802A005089B7 /* PageCallApp.swift */ = {isa = PBXFileReference; lastKnownFileType = sourcecode.swift; path = PageCallApp.swift; sourceTree = "<group>"; };
		54F50E7F26AE802A005089B7 /* ContentView.swift */ = {isa = PBXFileReference; lastKnownFileType = sourcecode.swift; path = ContentView.swift; sourceTree = "<group>"; };
		54F50E8126AE802B005089B7 /* Assets.xcassets */ = {isa = PBXFileReference; lastKnownFileType = folder.assetcatalog; path = Assets.xcassets; sourceTree = "<group>"; };
		54F50E8426AE802B005089B7 /* Preview Assets.xcassets */ = {isa = PBXFileReference; lastKnownFileType = folder.assetcatalog; path = "Preview Assets.xcassets"; sourceTree = "<group>"; };
		54F50E8626AE802B005089B7 /* Info.plist */ = {isa = PBXFileReference; lastKnownFileType = text.plist.xml; path = Info.plist; sourceTree = "<group>"; };
		54F50E8B26AE802C005089B7 /* PageCallTests.xctest */ = {isa = PBXFileReference; explicitFileType = wrapper.cfbundle; includeInIndex = 0; path = PageCallTests.xctest; sourceTree = BUILT_PRODUCTS_DIR; };
		54F50E8F26AE802C005089B7 /* PageCallTests.swift */ = {isa = PBXFileReference; lastKnownFileType = sourcecode.swift; path = PageCallTests.swift; sourceTree = "<group>"; };
		54F50E9126AE802C005089B7 /* Info.plist */ = {isa = PBXFileReference; lastKnownFileType = text.plist.xml; path = Info.plist; sourceTree = "<group>"; };
		54F50E9626AE802C005089B7 /* PageCallUITests.xctest */ = {isa = PBXFileReference; explicitFileType = wrapper.cfbundle; includeInIndex = 0; path = PageCallUITests.xctest; sourceTree = BUILT_PRODUCTS_DIR; };
		54F50E9A26AE802C005089B7 /* PageCallUITests.swift */ = {isa = PBXFileReference; lastKnownFileType = sourcecode.swift; path = PageCallUITests.swift; sourceTree = "<group>"; };
		54F50E9C26AE802C005089B7 /* Info.plist */ = {isa = PBXFileReference; lastKnownFileType = text.plist.xml; path = Info.plist; sourceTree = "<group>"; };
/* End PBXFileReference section */

/* Begin PBXFrameworksBuildPhase section */
		54F50E7726AE802A005089B7 /* Frameworks */ = {
			isa = PBXFrameworksBuildPhase;
			buildActionMask = 2147483647;
			files = (
			);
			runOnlyForDeploymentPostprocessing = 0;
		};
		54F50E8826AE802C005089B7 /* Frameworks */ = {
			isa = PBXFrameworksBuildPhase;
			buildActionMask = 2147483647;
			files = (
			);
			runOnlyForDeploymentPostprocessing = 0;
		};
		54F50E9326AE802C005089B7 /* Frameworks */ = {
			isa = PBXFrameworksBuildPhase;
			buildActionMask = 2147483647;
			files = (
			);
			runOnlyForDeploymentPostprocessing = 0;
		};
/* End PBXFrameworksBuildPhase section */

/* Begin PBXGroup section */
		54F50E7126AE802A005089B7 = {
			isa = PBXGroup;
			children = (
				54F50E7C26AE802A005089B7 /* PageCall */,
				54F50E8E26AE802C005089B7 /* PageCallTests */,
				54F50E9926AE802C005089B7 /* PageCallUITests */,
				54F50E7B26AE802A005089B7 /* Products */,
			);
			sourceTree = "<group>";
		};
		54F50E7B26AE802A005089B7 /* Products */ = {
			isa = PBXGroup;
			children = (
				54F50E7A26AE802A005089B7 /* PageCall.app */,
				54F50E8B26AE802C005089B7 /* PageCallTests.xctest */,
				54F50E9626AE802C005089B7 /* PageCallUITests.xctest */,
			);
			name = Products;
			sourceTree = "<group>";
		};
		54F50E7C26AE802A005089B7 /* PageCall */ = {
			isa = PBXGroup;
			children = (
				54F50E7D26AE802A005089B7 /* PageCallApp.swift */,
				54F50E7F26AE802A005089B7 /* ContentView.swift */,
				54F50E8126AE802B005089B7 /* Assets.xcassets */,
				54F50E8626AE802B005089B7 /* Info.plist */,
				54F50E8326AE802B005089B7 /* Preview Content */,
			);
			path = PageCall;
			sourceTree = "<group>";
		};
		54F50E8326AE802B005089B7 /* Preview Content */ = {
			isa = PBXGroup;
			children = (
				54F50E8426AE802B005089B7 /* Preview Assets.xcassets */,
			);
			path = "Preview Content";
			sourceTree = "<group>";
		};
		54F50E8E26AE802C005089B7 /* PageCallTests */ = {
			isa = PBXGroup;
			children = (
				54F50E8F26AE802C005089B7 /* PageCallTests.swift */,
				54F50E9126AE802C005089B7 /* Info.plist */,
			);
			path = PageCallTests;
			sourceTree = "<group>";
		};
		54F50E9926AE802C005089B7 /* PageCallUITests */ = {
			isa = PBXGroup;
			children = (
				54F50E9A26AE802C005089B7 /* PageCallUITests.swift */,
				54F50E9C26AE802C005089B7 /* Info.plist */,
			);
			path = PageCallUITests;
			sourceTree = "<group>";
		};
/* End PBXGroup section */

/* Begin PBXNativeTarget section */
		54F50E7926AE802A005089B7 /* PageCall */ = {
			isa = PBXNativeTarget;
			buildConfigurationList = 54F50E9F26AE802C005089B7 /* Build configuration list for PBXNativeTarget "PageCall" */;
			buildPhases = (
				54F50E7626AE802A005089B7 /* Sources */,
				54F50E7726AE802A005089B7 /* Frameworks */,
				54F50E7826AE802A005089B7 /* Resources */,
			);
			buildRules = (
			);
			dependencies = (
			);
			name = PageCall;
			productName = PageCall;
			productReference = 54F50E7A26AE802A005089B7 /* PageCall.app */;
			productType = "com.apple.product-type.application";
		};
		54F50E8A26AE802C005089B7 /* PageCallTests */ = {
			isa = PBXNativeTarget;
			buildConfigurationList = 54F50EA226AE802C005089B7 /* Build configuration list for PBXNativeTarget "PageCallTests" */;
			buildPhases = (
				54F50E8726AE802C005089B7 /* Sources */,
				54F50E8826AE802C005089B7 /* Frameworks */,
				54F50E8926AE802C005089B7 /* Resources */,
			);
			buildRules = (
			);
			dependencies = (
				54F50E8D26AE802C005089B7 /* PBXTargetDependency */,
			);
			name = PageCallTests;
			productName = PageCallTests;
			productReference = 54F50E8B26AE802C005089B7 /* PageCallTests.xctest */;
			productType = "com.apple.product-type.bundle.unit-test";
		};
		54F50E9526AE802C005089B7 /* PageCallUITests */ = {
			isa = PBXNativeTarget;
			buildConfigurationList = 54F50EA526AE802C005089B7 /* Build configuration list for PBXNativeTarget "PageCallUITests" */;
			buildPhases = (
				54F50E9226AE802C005089B7 /* Sources */,
				54F50E9326AE802C005089B7 /* Frameworks */,
				54F50E9426AE802C005089B7 /* Resources */,
			);
			buildRules = (
			);
			dependencies = (
				54F50E9826AE802C005089B7 /* PBXTargetDependency */,
			);
			name = PageCallUITests;
			productName = PageCallUITests;
			productReference = 54F50E9626AE802C005089B7 /* PageCallUITests.xctest */;
			productType = "com.apple.product-type.bundle.ui-testing";
		};
/* End PBXNativeTarget section */

/* Begin PBXProject section */
		54F50E7226AE802A005089B7 /* Project object */ = {
			isa = PBXProject;
			attributes = {
				LastSwiftUpdateCheck = 1250;
				LastUpgradeCheck = 1250;
				TargetAttributes = {
					54F50E7926AE802A005089B7 = {
						CreatedOnToolsVersion = 12.5.1;
					};
					54F50E8A26AE802C005089B7 = {
						CreatedOnToolsVersion = 12.5.1;
						TestTargetID = 54F50E7926AE802A005089B7;
					};
					54F50E9526AE802C005089B7 = {
						CreatedOnToolsVersion = 12.5.1;
						TestTargetID = 54F50E7926AE802A005089B7;
					};
				};
			};
			buildConfigurationList = 54F50E7526AE802A005089B7 /* Build configuration list for PBXProject "PageCall" */;
			compatibilityVersion = "Xcode 9.3";
			developmentRegion = en;
			hasScannedForEncodings = 0;
			knownRegions = (
				en,
				Base,
			);
			mainGroup = 54F50E7126AE802A005089B7;
			productRefGroup = 54F50E7B26AE802A005089B7 /* Products */;
			projectDirPath = "";
			projectRoot = "";
			targets = (
				54F50E7926AE802A005089B7 /* PageCall */,
				54F50E8A26AE802C005089B7 /* PageCallTests */,
				54F50E9526AE802C005089B7 /* PageCallUITests */,
			);
		};
/* End PBXProject section */

/* Begin PBXResourcesBuildPhase section */
		54F50E7826AE802A005089B7 /* Resources */ = {
			isa = PBXResourcesBuildPhase;
			buildActionMask = 2147483647;
			files = (
				54F50E8526AE802B005089B7 /* Preview Assets.xcassets in Resources */,
				54F50E8226AE802B005089B7 /* Assets.xcassets in Resources */,
			);
			runOnlyForDeploymentPostprocessing = 0;
		};
		54F50E8926AE802C005089B7 /* Resources */ = {
			isa = PBXResourcesBuildPhase;
			buildActionMask = 2147483647;
			files = (
			);
			runOnlyForDeploymentPostprocessing = 0;
		};
		54F50E9426AE802C005089B7 /* Resources */ = {
			isa = PBXResourcesBuildPhase;
			buildActionMask = 2147483647;
			files = (
			);
			runOnlyForDeploymentPostprocessing = 0;
		};
/* End PBXResourcesBuildPhase section */

/* Begin PBXSourcesBuildPhase section */
		54F50E7626AE802A005089B7 /* Sources */ = {
			isa = PBXSourcesBuildPhase;
			buildActionMask = 2147483647;
			files = (
				54F50E8026AE802A005089B7 /* ContentView.swift in Sources */,
				54F50E7E26AE802A005089B7 /* PageCallApp.swift in Sources */,
			);
			runOnlyForDeploymentPostprocessing = 0;
		};
		54F50E8726AE802C005089B7 /* Sources */ = {
			isa = PBXSourcesBuildPhase;
			buildActionMask = 2147483647;
			files = (
				54F50E9026AE802C005089B7 /* PageCallTests.swift in Sources */,
			);
			runOnlyForDeploymentPostprocessing = 0;
		};
		54F50E9226AE802C005089B7 /* Sources */ = {
			isa = PBXSourcesBuildPhase;
			buildActionMask = 2147483647;
			files = (
				54F50E9B26AE802C005089B7 /* PageCallUITests.swift in Sources */,
			);
			runOnlyForDeploymentPostprocessing = 0;
		};
/* End PBXSourcesBuildPhase section */

/* Begin PBXTargetDependency section */
		54F50E8D26AE802C005089B7 /* PBXTargetDependency */ = {
			isa = PBXTargetDependency;
			target = 54F50E7926AE802A005089B7 /* PageCall */;
			targetProxy = 54F50E8C26AE802C005089B7 /* PBXContainerItemProxy */;
		};
		54F50E9826AE802C005089B7 /* PBXTargetDependency */ = {
			isa = PBXTargetDependency;
			target = 54F50E7926AE802A005089B7 /* PageCall */;
			targetProxy = 54F50E9726AE802C005089B7 /* PBXContainerItemProxy */;
		};
/* End PBXTargetDependency section */

/* Begin XCBuildConfiguration section */
		54F50E9D26AE802C005089B7 /* Debug */ = {
			isa = XCBuildConfiguration;
			buildSettings = {
				ALWAYS_SEARCH_USER_PATHS = NO;
				CLANG_ANALYZER_NONNULL = YES;
				CLANG_ANALYZER_NUMBER_OBJECT_CONVERSION = YES_AGGRESSIVE;
				CLANG_CXX_LANGUAGE_STANDARD = "gnu++14";
				CLANG_CXX_LIBRARY = "libc++";
				CLANG_ENABLE_MODULES = YES;
				CLANG_ENABLE_OBJC_ARC = YES;
				CLANG_ENABLE_OBJC_WEAK = YES;
				CLANG_WARN_BLOCK_CAPTURE_AUTORELEASING = YES;
				CLANG_WARN_BOOL_CONVERSION = YES;
				CLANG_WARN_COMMA = YES;
				CLANG_WARN_CONSTANT_CONVERSION = YES;
				CLANG_WARN_DEPRECATED_OBJC_IMPLEMENTATIONS = YES;
				CLANG_WARN_DIRECT_OBJC_ISA_USAGE = YES_ERROR;
				CLANG_WARN_DOCUMENTATION_COMMENTS = YES;
				CLANG_WARN_EMPTY_BODY = YES;
				CLANG_WARN_ENUM_CONVERSION = YES;
				CLANG_WARN_INFINITE_RECURSION = YES;
				CLANG_WARN_INT_CONVERSION = YES;
				CLANG_WARN_NON_LITERAL_NULL_CONVERSION = YES;
				CLANG_WARN_OBJC_IMPLICIT_RETAIN_SELF = YES;
				CLANG_WARN_OBJC_LITERAL_CONVERSION = YES;
				CLANG_WARN_OBJC_ROOT_CLASS = YES_ERROR;
				CLANG_WARN_QUOTED_INCLUDE_IN_FRAMEWORK_HEADER = YES;
				CLANG_WARN_RANGE_LOOP_ANALYSIS = YES;
				CLANG_WARN_STRICT_PROTOTYPES = YES;
				CLANG_WARN_SUSPICIOUS_MOVE = YES;
				CLANG_WARN_UNGUARDED_AVAILABILITY = YES_AGGRESSIVE;
				CLANG_WARN_UNREACHABLE_CODE = YES;
				CLANG_WARN__DUPLICATE_METHOD_MATCH = YES;
				COPY_PHASE_STRIP = NO;
				DEBUG_INFORMATION_FORMAT = dwarf;
				ENABLE_STRICT_OBJC_MSGSEND = YES;
				ENABLE_TESTABILITY = YES;
				GCC_C_LANGUAGE_STANDARD = gnu11;
				GCC_DYNAMIC_NO_PIC = NO;
				GCC_NO_COMMON_BLOCKS = YES;
				GCC_OPTIMIZATION_LEVEL = 0;
				GCC_PREPROCESSOR_DEFINITIONS = (
					"DEBUG=1",
					"$(inherited)",
				);
				GCC_WARN_64_TO_32_BIT_CONVERSION = YES;
				GCC_WARN_ABOUT_RETURN_TYPE = YES_ERROR;
				GCC_WARN_UNDECLARED_SELECTOR = YES;
				GCC_WARN_UNINITIALIZED_AUTOS = YES_AGGRESSIVE;
				GCC_WARN_UNUSED_FUNCTION = YES;
				GCC_WARN_UNUSED_VARIABLE = YES;
				IPHONEOS_DEPLOYMENT_TARGET = 14.5;
				MTL_ENABLE_DEBUG_INFO = INCLUDE_SOURCE;
				MTL_FAST_MATH = YES;
				ONLY_ACTIVE_ARCH = YES;
				SDKROOT = iphoneos;
				SWIFT_ACTIVE_COMPILATION_CONDITIONS = DEBUG;
				SWIFT_OPTIMIZATION_LEVEL = "-Onone";
			};
			name = Debug;
		};
		54F50E9E26AE802C005089B7 /* Release */ = {
			isa = XCBuildConfiguration;
			buildSettings = {
				ALWAYS_SEARCH_USER_PATHS = NO;
				CLANG_ANALYZER_NONNULL = YES;
				CLANG_ANALYZER_NUMBER_OBJECT_CONVERSION = YES_AGGRESSIVE;
				CLANG_CXX_LANGUAGE_STANDARD = "gnu++14";
				CLANG_CXX_LIBRARY = "libc++";
				CLANG_ENABLE_MODULES = YES;
				CLANG_ENABLE_OBJC_ARC = YES;
				CLANG_ENABLE_OBJC_WEAK = YES;
				CLANG_WARN_BLOCK_CAPTURE_AUTORELEASING = YES;
				CLANG_WARN_BOOL_CONVERSION = YES;
				CLANG_WARN_COMMA = YES;
				CLANG_WARN_CONSTANT_CONVERSION = YES;
				CLANG_WARN_DEPRECATED_OBJC_IMPLEMENTATIONS = YES;
				CLANG_WARN_DIRECT_OBJC_ISA_USAGE = YES_ERROR;
				CLANG_WARN_DOCUMENTATION_COMMENTS = YES;
				CLANG_WARN_EMPTY_BODY = YES;
				CLANG_WARN_ENUM_CONVERSION = YES;
				CLANG_WARN_INFINITE_RECURSION = YES;
				CLANG_WARN_INT_CONVERSION = YES;
				CLANG_WARN_NON_LITERAL_NULL_CONVERSION = YES;
				CLANG_WARN_OBJC_IMPLICIT_RETAIN_SELF = YES;
				CLANG_WARN_OBJC_LITERAL_CONVERSION = YES;
				CLANG_WARN_OBJC_ROOT_CLASS = YES_ERROR;
				CLANG_WARN_QUOTED_INCLUDE_IN_FRAMEWORK_HEADER = YES;
				CLANG_WARN_RANGE_LOOP_ANALYSIS = YES;
				CLANG_WARN_STRICT_PROTOTYPES = YES;
				CLANG_WARN_SUSPICIOUS_MOVE = YES;
				CLANG_WARN_UNGUARDED_AVAILABILITY = YES_AGGRESSIVE;
				CLANG_WARN_UNREACHABLE_CODE = YES;
				CLANG_WARN__DUPLICATE_METHOD_MATCH = YES;
				COPY_PHASE_STRIP = NO;
				DEBUG_INFORMATION_FORMAT = "dwarf-with-dsym";
				ENABLE_NS_ASSERTIONS = NO;
				ENABLE_STRICT_OBJC_MSGSEND = YES;
				GCC_C_LANGUAGE_STANDARD = gnu11;
				GCC_NO_COMMON_BLOCKS = YES;
				GCC_WARN_64_TO_32_BIT_CONVERSION = YES;
				GCC_WARN_ABOUT_RETURN_TYPE = YES_ERROR;
				GCC_WARN_UNDECLARED_SELECTOR = YES;
				GCC_WARN_UNINITIALIZED_AUTOS = YES_AGGRESSIVE;
				GCC_WARN_UNUSED_FUNCTION = YES;
				GCC_WARN_UNUSED_VARIABLE = YES;
				IPHONEOS_DEPLOYMENT_TARGET = 14.5;
				MTL_ENABLE_DEBUG_INFO = NO;
				MTL_FAST_MATH = YES;
				SDKROOT = iphoneos;
				SWIFT_COMPILATION_MODE = wholemodule;
				SWIFT_OPTIMIZATION_LEVEL = "-O";
				VALIDATE_PRODUCT = YES;
			};
			name = Release;
		};
		54F50EA026AE802C005089B7 /* Debug */ = {
			isa = XCBuildConfiguration;
			buildSettings = {
				ASSETCATALOG_COMPILER_APPICON_NAME = AppIcon;
				ASSETCATALOG_COMPILER_GLOBAL_ACCENT_COLOR_NAME = AccentColor;
				CODE_SIGN_STYLE = Automatic;
				DEVELOPMENT_ASSET_PATHS = "\"PageCall/Preview Content\"";
				DEVELOPMENT_TEAM = 9H2SNY3HBF;
				ENABLE_PREVIEWS = YES;
				INFOPLIST_FILE = PageCall/Info.plist;
				IPHONEOS_DEPLOYMENT_TARGET = 14.0;
				LD_RUNPATH_SEARCH_PATHS = (
					"$(inherited)",
					"@executable_path/Frameworks",
				);
				PRODUCT_BUNDLE_IDENTIFIER = com.pplink.PageCall;
				PRODUCT_NAME = "$(TARGET_NAME)";
				SWIFT_VERSION = 5.0;
				TARGETED_DEVICE_FAMILY = "1,2";
			};
			name = Debug;
		};
		54F50EA126AE802C005089B7 /* Release */ = {
			isa = XCBuildConfiguration;
			buildSettings = {
				ASSETCATALOG_COMPILER_APPICON_NAME = AppIcon;
				ASSETCATALOG_COMPILER_GLOBAL_ACCENT_COLOR_NAME = AccentColor;
				CODE_SIGN_STYLE = Automatic;
				DEVELOPMENT_ASSET_PATHS = "\"PageCall/Preview Content\"";
				DEVELOPMENT_TEAM = 9H2SNY3HBF;
				ENABLE_PREVIEWS = YES;
				INFOPLIST_FILE = PageCall/Info.plist;
				IPHONEOS_DEPLOYMENT_TARGET = 14.0;
				LD_RUNPATH_SEARCH_PATHS = (
					"$(inherited)",
					"@executable_path/Frameworks",
				);
				PRODUCT_BUNDLE_IDENTIFIER = com.pplink.PageCall;
				PRODUCT_NAME = "$(TARGET_NAME)";
				SWIFT_VERSION = 5.0;
				TARGETED_DEVICE_FAMILY = "1,2";
			};
			name = Release;
		};
		54F50EA326AE802C005089B7 /* Debug */ = {
			isa = XCBuildConfiguration;
			buildSettings = {
				ALWAYS_EMBED_SWIFT_STANDARD_LIBRARIES = YES;
				BUNDLE_LOADER = "$(TEST_HOST)";
				CODE_SIGN_STYLE = Automatic;
				DEVELOPMENT_TEAM = 9H2SNY3HBF;
				INFOPLIST_FILE = PageCallTests/Info.plist;
				IPHONEOS_DEPLOYMENT_TARGET = 14.0;
				LD_RUNPATH_SEARCH_PATHS = (
					"$(inherited)",
					"@executable_path/Frameworks",
					"@loader_path/Frameworks",
				);
				PRODUCT_BUNDLE_IDENTIFIER = com.pplink.PageCallTests;
				PRODUCT_NAME = "$(TARGET_NAME)";
				SWIFT_VERSION = 5.0;
				TARGETED_DEVICE_FAMILY = "1,2";
				TEST_HOST = "$(BUILT_PRODUCTS_DIR)/PageCall.app/PageCall";
			};
			name = Debug;
		};
		54F50EA426AE802C005089B7 /* Release */ = {
			isa = XCBuildConfiguration;
			buildSettings = {
				ALWAYS_EMBED_SWIFT_STANDARD_LIBRARIES = YES;
				BUNDLE_LOADER = "$(TEST_HOST)";
				CODE_SIGN_STYLE = Automatic;
				DEVELOPMENT_TEAM = 9H2SNY3HBF;
				INFOPLIST_FILE = PageCallTests/Info.plist;
				IPHONEOS_DEPLOYMENT_TARGET = 14.0;
				LD_RUNPATH_SEARCH_PATHS = (
					"$(inherited)",
					"@executable_path/Frameworks",
					"@loader_path/Frameworks",
				);
				PRODUCT_BUNDLE_IDENTIFIER = com.pplink.PageCallTests;
				PRODUCT_NAME = "$(TARGET_NAME)";
				SWIFT_VERSION = 5.0;
				TARGETED_DEVICE_FAMILY = "1,2";
				TEST_HOST = "$(BUILT_PRODUCTS_DIR)/PageCall.app/PageCall";
			};
			name = Release;
		};
		54F50EA626AE802C005089B7 /* Debug */ = {
			isa = XCBuildConfiguration;
			buildSettings = {
				ALWAYS_EMBED_SWIFT_STANDARD_LIBRARIES = YES;
				CODE_SIGN_STYLE = Automatic;
				DEVELOPMENT_TEAM = 9H2SNY3HBF;
				INFOPLIST_FILE = PageCallUITests/Info.plist;
				LD_RUNPATH_SEARCH_PATHS = (
					"$(inherited)",
					"@executable_path/Frameworks",
					"@loader_path/Frameworks",
				);
				PRODUCT_BUNDLE_IDENTIFIER = com.pplink.PageCallUITests;
				PRODUCT_NAME = "$(TARGET_NAME)";
				SWIFT_VERSION = 5.0;
				TARGETED_DEVICE_FAMILY = "1,2";
				TEST_TARGET_NAME = PageCall;
			};
			name = Debug;
		};
		54F50EA726AE802C005089B7 /* Release */ = {
			isa = XCBuildConfiguration;
			buildSettings = {
				ALWAYS_EMBED_SWIFT_STANDARD_LIBRARIES = YES;
				CODE_SIGN_STYLE = Automatic;
				DEVELOPMENT_TEAM = 9H2SNY3HBF;
				INFOPLIST_FILE = PageCallUITests/Info.plist;
				LD_RUNPATH_SEARCH_PATHS = (
					"$(inherited)",
					"@executable_path/Frameworks",
					"@loader_path/Frameworks",
				);
				PRODUCT_BUNDLE_IDENTIFIER = com.pplink.PageCallUITests;
				PRODUCT_NAME = "$(TARGET_NAME)";
				SWIFT_VERSION = 5.0;
				TARGETED_DEVICE_FAMILY = "1,2";
				TEST_TARGET_NAME = PageCall;
			};
			name = Release;
		};
/* End XCBuildConfiguration section */

/* Begin XCConfigurationList section */
		54F50E7526AE802A005089B7 /* Build configuration list for PBXProject "PageCall" */ = {
			isa = XCConfigurationList;
			buildConfigurations = (
				54F50E9D26AE802C005089B7 /* Debug */,
				54F50E9E26AE802C005089B7 /* Release */,
			);
			defaultConfigurationIsVisible = 0;
			defaultConfigurationName = Release;
		};
		54F50E9F26AE802C005089B7 /* Build configuration list for PBXNativeTarget "PageCall" */ = {
			isa = XCConfigurationList;
			buildConfigurations = (
				54F50EA026AE802C005089B7 /* Debug */,
				54F50EA126AE802C005089B7 /* Release */,
			);
			defaultConfigurationIsVisible = 0;
			defaultConfigurationName = Release;
		};
		54F50EA226AE802C005089B7 /* Build configuration list for PBXNativeTarget "PageCallTests" */ = {
			isa = XCConfigurationList;
			buildConfigurations = (
				54F50EA326AE802C005089B7 /* Debug */,
				54F50EA426AE802C005089B7 /* Release */,
			);
			defaultConfigurationIsVisible = 0;
			defaultConfigurationName = Release;
		};
		54F50EA526AE802C005089B7 /* Build configuration list for PBXNativeTarget "PageCallUITests" */ = {
			isa = XCConfigurationList;
			buildConfigurations = (
				54F50EA626AE802C005089B7 /* Debug */,
				54F50EA726AE802C005089B7 /* Release */,
			);
			defaultConfigurationIsVisible = 0;
			defaultConfigurationName = Release;
		};
/* End XCConfigurationList section */
	};
	rootObject = 54F50E7226AE802A005089B7 /* Project object */;
}
