PODS:
  - GoogleWebRTC (1.1.29229)
  - PageCallSDK (2.1.1)

DEPENDENCIES:
  - GoogleWebRTC (= 1.1.29229)
  - PageCallSDK (~> 2.1.1)

SPEC REPOS:
  https://github.com/CocoaPods/Specs.git:
    - GoogleWebRTC
  https://github.com/pplink/pagecall-specs.git:
    - PageCallSDK

SPEC CHECKSUMS:
  GoogleWebRTC: ffbf2dca3bdef0fbeebcff497e0a659bd69761c8
  PageCallSDK: efaed94f593f0af405632cb125ebac194e846763

PODFILE CHECKSUM: 1ed1237093bf5dc5deb8e0d5b3d5de755a0a5ad3

COCOAPODS: 1.10.1
