{
  "object": {
    "pins": [
      {
        "package": "PagecallSDK",
        "repositoryURL": "https://github.com/pplink/PagecallSDK",
        "state": {
          "branch": "main",
          "revision": "9eeac59cf33aa90c6a9f4485a14ad082b39b615c",
          "version": null
        }
      },
      {
        "package": "WebRTC",
        "repositoryURL": "https://github.com/alexpiezo/WebRTC.git",
        "state": {
          "branch": null,
          "revision": "d014e28128f1647854bb5e90207ac5341ed6385f",
          "version": "1.1.31567"
        }
      }
    ]
  },
  "version": 1
}
